
Microsoft Visual Studio Solution File, Format Version 12.00
# Visual Studio 15
VisualStudioVersion = 15.0.28307.572
MinimumVisualStudioVersion = 10.0.40219.1
Project("{FAE04EC0-301F-11D3-BF4B-00C04F79EFBC}") = "ScheduleXamarin.Android", "ScheduleXamarin\ScheduleXamarin.Android\ScheduleXamarin.Android.csproj", "{142E6920-C9F0-46C9-90BE-EB12142B01C1}"
EndProject
Project("{FAE04EC0-301F-11D3-BF4B-00C04F79EFBC}") = "ScheduleXamarin.iOS", "ScheduleXamarin\ScheduleXamarin.iOS\ScheduleXamarin.iOS.csproj", "{EC06F4EF-57E9-48FD-BF9E-983FBA30DBEA}"
EndProject
Project("{FAE04EC0-301F-11D3-BF4B-00C04F79EFBC}") = "ScheduleXamarin.UWP", "ScheduleXamarin\ScheduleXamarin.UWP\ScheduleXamarin.UWP.csproj", "{76804B5C-ABDB-4636-9B3C-0FC8AEEF6607}"
EndProject
Project("{FAE04EC0-301F-11D3-BF4B-00C04F79EFBC}") = "ScheduleXamarin", "ScheduleXamarin\ScheduleXamarin\ScheduleXamarin.csproj", "{7472E30E-DA0B-48E5-A394-7B54917CEF25}"
EndProject
Global
	GlobalSection(SolutionConfigurationPlatforms) = preSolution
		Ad-Hoc|Any CPU = Ad-Hoc|Any CPU
		Ad-Hoc|ARM = Ad-Hoc|ARM
		Ad-Hoc|iPhone = Ad-Hoc|iPhone
		Ad-Hoc|iPhoneSimulator = Ad-Hoc|iPhoneSimulator
		Ad-Hoc|x64 = Ad-Hoc|x64
		Ad-Hoc|x86 = Ad-Hoc|x86
		AppStore|Any CPU = AppStore|Any CPU
		AppStore|ARM = AppStore|ARM
		AppStore|iPhone = AppStore|iPhone
		AppStore|iPhoneSimulator = AppStore|iPhoneSimulator
		AppStore|x64 = AppStore|x64
		AppStore|x86 = AppStore|x86
		Debug|Any CPU = Debug|Any CPU
		Debug|ARM = Debug|ARM
		Debug|iPhone = Debug|iPhone
		Debug|iPhoneSimulator = Debug|iPhoneSimulator
		Debug|x64 = Debug|x64
		Debug|x86 = Debug|x86
		Release|Any CPU = Release|Any CPU
		Release|ARM = Release|ARM
		Release|iPhone = Release|iPhone
		Release|iPhoneSimulator = Release|iPhoneSimulator
		Release|x64 = Release|x64
		Release|x86 = Release|x86
	EndGlobalSection
	GlobalSection(ProjectConfigurationPlatforms) = postSolution
		{142E6920-C9F0-46C9-90BE-EB12142B01C1}.Ad-Hoc|Any CPU.ActiveCfg = Release|Any CPU
		{142E6920-C9F0-46C9-90BE-EB12142B01C1}.Ad-Hoc|Any CPU.Build.0 = Release|Any CPU
		{142E6920-C9F0-46C9-90BE-EB12142B01C1}.Ad-Hoc|Any CPU.Deploy.0 = Release|Any CPU
		{142E6920-C9F0-46C9-90BE-EB12142B01C1}.Ad-Hoc|ARM.ActiveCfg = Release|Any CPU
		{142E6920-C9F0-46C9-90BE-EB12142B01C1}.Ad-Hoc|ARM.Build.0 = Release|Any CPU
		{142E6920-C9F0-46C9-90BE-EB12142B01C1}.Ad-Hoc|ARM.Deploy.0 = Release|Any CPU
		{142E6920-C9F0-46C9-90BE-EB12142B01C1}.Ad-Hoc|iPhone.ActiveCfg = Release|Any CPU
		{142E6920-C9F0-46C9-90BE-EB12142B01C1}.Ad-Hoc|iPhone.Build.0 = Release|Any CPU
		{142E6920-C9F0-46C9-90BE-EB12142B01C1}.Ad-Hoc|iPhone.Deploy.0 = Release|Any CPU
		{142E6920-C9F0-46C9-90BE-EB12142B01C1}.Ad-Hoc|iPhoneSimulator.ActiveCfg = Release|Any CPU
		{142E6920-C9F0-46C9-90BE-EB12142B01C1}.Ad-Hoc|iPhoneSimulator.Build.0 = Release|Any CPU
		{142E6920-C9F0-46C9-90BE-EB12142B01C1}.Ad-Hoc|iPhoneSimulator.Deploy.0 = Release|Any CPU
		{142E6920-C9F0-46C9-90BE-EB12142B01C1}.Ad-Hoc|x64.ActiveCfg = Release|Any CPU
		{142E6920-C9F0-46C9-90BE-EB12142B01C1}.Ad-Hoc|x64.Build.0 = Release|Any CPU
		{142E6920-C9F0-46C9-90BE-EB12142B01C1}.Ad-Hoc|x64.Deploy.0 = Release|Any CPU
		{142E6920-C9F0-46C9-90BE-EB12142B01C1}.Ad-Hoc|x86.ActiveCfg = Release|Any CPU
		{142E6920-C9F0-46C9-90BE-EB12142B01C1}.Ad-Hoc|x86.Build.0 = Release|Any CPU
		{142E6920-C9F0-46C9-90BE-EB12142B01C1}.Ad-Hoc|x86.Deploy.0 = Release|Any CPU
		{142E6920-C9F0-46C9-90BE-EB12142B01C1}.AppStore|Any CPU.ActiveCfg = Release|Any CPU
		{142E6920-C9F0-46C9-90BE-EB12142B01C1}.AppStore|Any CPU.Build.0 = Release|Any CPU
		{142E6920-C9F0-46C9-90BE-EB12142B01C1}.AppStore|Any CPU.Deploy.0 = Release|Any CPU
		{142E6920-C9F0-46C9-90BE-EB12142B01C1}.AppStore|ARM.ActiveCfg = Release|Any CPU
		{142E6920-C9F0-46C9-90BE-EB12142B01C1}.AppStore|ARM.Build.0 = Release|Any CPU
		{142E6920-C9F0-46C9-90BE-EB12142B01C1}.AppStore|ARM.Deploy.0 = Release|Any CPU
		{142E6920-C9F0-46C9-90BE-EB12142B01C1}.AppStore|iPhone.ActiveCfg = Release|Any CPU
		{142E6920-C9F0-46C9-90BE-EB12142B01C1}.AppStore|iPhone.Build.0 = Release|Any CPU
		{142E6920-C9F0-46C9-90BE-EB12142B01C1}.AppStore|iPhone.Deploy.0 = Release|Any CPU
		{142E6920-C9F0-46C9-90BE-EB12142B01C1}.AppStore|iPhoneSimulator.ActiveCfg = Release|Any CPU
		{142E6920-C9F0-46C9-90BE-EB12142B01C1}.AppStore|iPhoneSimulator.Build.0 = Release|Any CPU
		{142E6920-C9F0-46C9-90BE-EB12142B01C1}.AppStore|iPhoneSimulator.Deploy.0 = Release|Any CPU
		{142E6920-C9F0-46C9-90BE-EB12142B01C1}.AppStore|x64.ActiveCfg = Release|Any CPU
		{142E6920-C9F0-46C9-90BE-EB12142B01C1}.AppStore|x64.Build.0 = Release|Any CPU
		{142E6920-C9F0-46C9-90BE-EB12142B01C1}.AppStore|x64.Deploy.0 = Release|Any CPU
		{142E6920-C9F0-46C9-90BE-EB12142B01C1}.AppStore|x86.ActiveCfg = Release|Any CPU
		{142E6920-C9F0-46C9-90BE-EB12142B01C1}.AppStore|x86.Build.0 = Release|Any CPU
		{142E6920-C9F0-46C9-90BE-EB12142B01C1}.AppStore|x86.Deploy.0 = Release|Any CPU
		{142E6920-C9F0-46C9-90BE-EB12142B01C1}.Debug|Any CPU.ActiveCfg = Debug|Any CPU
		{142E6920-C9F0-46C9-90BE-EB12142B01C1}.Debug|Any CPU.Build.0 = Debug|Any CPU
		{142E6920-C9F0-46C9-90BE-EB12142B01C1}.Debug|Any CPU.Deploy.0 = Debug|Any CPU
		{142E6920-C9F0-46C9-90BE-EB12142B01C1}.Debug|ARM.ActiveCfg = Debug|Any CPU
		{142E6920-C9F0-46C9-90BE-EB12142B01C1}.Debug|ARM.Build.0 = Debug|Any CPU
		{142E6920-C9F0-46C9-90BE-EB12142B01C1}.Debug|ARM.Deploy.0 = Debug|Any CPU
		{142E6920-C9F0-46C9-90BE-EB12142B01C1}.Debug|iPhone.ActiveCfg = Debug|Any CPU
		{142E6920-C9F0-46C9-90BE-EB12142B01C1}.Debug|iPhone.Build.0 = Debug|Any CPU
		{142E6920-C9F0-46C9-90BE-EB12142B01C1}.Debug|iPhone.Deploy.0 = Debug|Any CPU
		{142E6920-C9F0-46C9-90BE-EB12142B01C1}.Debug|iPhoneSimulator.ActiveCfg = Debug|Any CPU
		{142E6920-C9F0-46C9-90BE-EB12142B01C1}.Debug|iPhoneSimulator.Build.0 = Debug|Any CPU
		{142E6920-C9F0-46C9-90BE-EB12142B01C1}.Debug|iPhoneSimulator.Deploy.0 = Debug|Any CPU
		{142E6920-C9F0-46C9-90BE-EB12142B01C1}.Debug|x64.ActiveCfg = Debug|Any CPU
		{142E6920-C9F0-46C9-90BE-EB12142B01C1}.Debug|x64.Build.0 = Debug|Any CPU
		{142E6920-C9F0-46C9-90BE-EB12142B01C1}.Debug|x64.Deploy.0 = Debug|Any CPU
		{142E6920-C9F0-46C9-90BE-EB12142B01C1}.Debug|x86.ActiveCfg = Debug|Any CPU
		{142E6920-C9F0-46C9-90BE-EB12142B01C1}.Debug|x86.Build.0 = Debug|Any CPU
		{142E6920-C9F0-46C9-90BE-EB12142B01C1}.Debug|x86.Deploy.0 = Debug|Any CPU
		{142E6920-C9F0-46C9-90BE-EB12142B01C1}.Release|Any CPU.ActiveCfg = Release|Any CPU
		{142E6920-C9F0-46C9-90BE-EB12142B01C1}.Release|Any CPU.Build.0 = Release|Any CPU
		{142E6920-C9F0-46C9-90BE-EB12142B01C1}.Release|Any CPU.Deploy.0 = Release|Any CPU
		{142E6920-C9F0-46C9-90BE-EB12142B01C1}.Release|ARM.ActiveCfg = Release|Any CPU
		{142E6920-C9F0-46C9-90BE-EB12142B01C1}.Release|ARM.Build.0 = Release|Any CPU
		{142E6920-C9F0-46C9-90BE-EB12142B01C1}.Release|ARM.Deploy.0 = Release|Any CPU
		{142E6920-C9F0-46C9-90BE-EB12142B01C1}.Release|iPhone.ActiveCfg = Release|Any CPU
		{142E6920-C9F0-46C9-90BE-EB12142B01C1}.Release|iPhone.Build.0 = Release|Any CPU
		{142E6920-C9F0-46C9-90BE-EB12142B01C1}.Release|iPhone.Deploy.0 = Release|Any CPU
		{142E6920-C9F0-46C9-90BE-EB12142B01C1}.Release|iPhoneSimulator.ActiveCfg = Release|Any CPU
		{142E6920-C9F0-46C9-90BE-EB12142B01C1}.Release|iPhoneSimulator.Build.0 = Release|Any CPU
		{142E6920-C9F0-46C9-90BE-EB12142B01C1}.Release|iPhoneSimulator.Deploy.0 = Release|Any CPU
		{142E6920-C9F0-46C9-90BE-EB12142B01C1}.Release|x64.ActiveCfg = Release|Any CPU
		{142E6920-C9F0-46C9-90BE-EB12142B01C1}.Release|x64.Build.0 = Release|Any CPU
		{142E6920-C9F0-46C9-90BE-EB12142B01C1}.Release|x64.Deploy.0 = Release|Any CPU
		{142E6920-C9F0-46C9-90BE-EB12142B01C1}.Release|x86.ActiveCfg = Release|Any CPU
		{142E6920-C9F0-46C9-90BE-EB12142B01C1}.Release|x86.Build.0 = Release|Any CPU
		{142E6920-C9F0-46C9-90BE-EB12142B01C1}.Release|x86.Deploy.0 = Release|Any CPU
		{EC06F4EF-57E9-48FD-BF9E-983FBA30DBEA}.Ad-Hoc|Any CPU.ActiveCfg = Ad-Hoc|iPhone
		{EC06F4EF-57E9-48FD-BF9E-983FBA30DBEA}.Ad-Hoc|Any CPU.Build.0 = Ad-Hoc|iPhone
		{EC06F4EF-57E9-48FD-BF9E-983FBA30DBEA}.Ad-Hoc|Any CPU.Deploy.0 = Ad-Hoc|iPhone
		{EC06F4EF-57E9-48FD-BF9E-983FBA30DBEA}.Ad-Hoc|ARM.ActiveCfg = Ad-Hoc|iPhone
		{EC06F4EF-57E9-48FD-BF9E-983FBA30DBEA}.Ad-Hoc|ARM.Build.0 = Ad-Hoc|iPhone
		{EC06F4EF-57E9-48FD-BF9E-983FBA30DBEA}.Ad-Hoc|ARM.Deploy.0 = Ad-Hoc|iPhone
		{EC06F4EF-57E9-48FD-BF9E-983FBA30DBEA}.Ad-Hoc|iPhone.ActiveCfg = Ad-Hoc|iPhone
		{EC06F4EF-57E9-48FD-BF9E-983FBA30DBEA}.Ad-Hoc|iPhone.Build.0 = Ad-Hoc|iPhone
		{EC06F4EF-57E9-48FD-BF9E-983FBA30DBEA}.Ad-Hoc|iPhone.Deploy.0 = Ad-Hoc|iPhone
		{EC06F4EF-57E9-48FD-BF9E-983FBA30DBEA}.Ad-Hoc|iPhoneSimulator.ActiveCfg = Ad-Hoc|iPhoneSimulator
		{EC06F4EF-57E9-48FD-BF9E-983FBA30DBEA}.Ad-Hoc|iPhoneSimulator.Build.0 = Ad-Hoc|iPhoneSimulator
		{EC06F4EF-57E9-48FD-BF9E-983FBA30DBEA}.Ad-Hoc|iPhoneSimulator.Deploy.0 = Ad-Hoc|iPhoneSimulator
		{EC06F4EF-57E9-48FD-BF9E-983FBA30DBEA}.Ad-Hoc|x64.ActiveCfg = Ad-Hoc|iPhone
		{EC06F4EF-57E9-48FD-BF9E-983FBA30DBEA}.Ad-Hoc|x64.Build.0 = Ad-Hoc|iPhone
		{EC06F4EF-57E9-48FD-BF9E-983FBA30DBEA}.Ad-Hoc|x64.Deploy.0 = Ad-Hoc|iPhone
		{EC06F4EF-57E9-48FD-BF9E-983FBA30DBEA}.Ad-Hoc|x86.ActiveCfg = Ad-Hoc|iPhone
		{EC06F4EF-57E9-48FD-BF9E-983FBA30DBEA}.Ad-Hoc|x86.Build.0 = Ad-Hoc|iPhone
		{EC06F4EF-57E9-48FD-BF9E-983FBA30DBEA}.Ad-Hoc|x86.Deploy.0 = Ad-Hoc|iPhone
		{EC06F4EF-57E9-48FD-BF9E-983FBA30DBEA}.AppStore|Any CPU.ActiveCfg = AppStore|iPhone
		{EC06F4EF-57E9-48FD-BF9E-983FBA30DBEA}.AppStore|Any CPU.Build.0 = AppStore|iPhone
		{EC06F4EF-57E9-48FD-BF9E-983FBA30DBEA}.AppStore|Any CPU.Deploy.0 = AppStore|iPhone
		{EC06F4EF-57E9-48FD-BF9E-983FBA30DBEA}.AppStore|ARM.ActiveCfg = AppStore|iPhone
		{EC06F4EF-57E9-48FD-BF9E-983FBA30DBEA}.AppStore|ARM.Build.0 = AppStore|iPhone
		{EC06F4EF-57E9-48FD-BF9E-983FBA30DBEA}.AppStore|ARM.Deploy.0 = AppStore|iPhone
		{EC06F4EF-57E9-48FD-BF9E-983FBA30DBEA}.AppStore|iPhone.ActiveCfg = AppStore|iPhone
		{EC06F4EF-57E9-48FD-BF9E-983FBA30DBEA}.AppStore|iPhone.Build.0 = AppStore|iPhone
		{EC06F4EF-57E9-48FD-BF9E-983FBA30DBEA}.AppStore|iPhone.Deploy.0 = AppStore|iPhone
		{EC06F4EF-57E9-48FD-BF9E-983FBA30DBEA}.AppStore|iPhoneSimulator.ActiveCfg = AppStore|iPhoneSimulator
		{EC06F4EF-57E9-48FD-BF9E-983FBA30DBEA}.AppStore|iPhoneSimulator.Build.0 = AppStore|iPhoneSimulator
		{EC06F4EF-57E9-48FD-BF9E-983FBA30DBEA}.AppStore|iPhoneSimulator.Deploy.0 = AppStore|iPhoneSimulator
		{EC06F4EF-57E9-48FD-BF9E-983FBA30DBEA}.AppStore|x64.ActiveCfg = AppStore|iPhone
		{EC06F4EF-57E9-48FD-BF9E-983FBA30DBEA}.AppStore|x64.Build.0 = AppStore|iPhone
		{EC06F4EF-57E9-48FD-BF9E-983FBA30DBEA}.AppStore|x64.Deploy.0 = AppStore|iPhone
		{EC06F4EF-57E9-48FD-BF9E-983FBA30DBEA}.AppStore|x86.ActiveCfg = AppStore|iPhone
		{EC06F4EF-57E9-48FD-BF9E-983FBA30DBEA}.AppStore|x86.Build.0 = AppStore|iPhone
		{EC06F4EF-57E9-48FD-BF9E-983FBA30DBEA}.AppStore|x86.Deploy.0 = AppStore|iPhone
		{EC06F4EF-57E9-48FD-BF9E-983FBA30DBEA}.Debug|Any CPU.ActiveCfg = Debug|iPhoneSimulator
		{EC06F4EF-57E9-48FD-BF9E-983FBA30DBEA}.Debug|Any CPU.Build.0 = Debug|iPhoneSimulator
		{EC06F4EF-57E9-48FD-BF9E-983FBA30DBEA}.Debug|Any CPU.Deploy.0 = Debug|iPhoneSimulator
		{EC06F4EF-57E9-48FD-BF9E-983FBA30DBEA}.Debug|ARM.ActiveCfg = Debug|iPhone
		{EC06F4EF-57E9-48FD-BF9E-983FBA30DBEA}.Debug|ARM.Build.0 = Debug|iPhone
		{EC06F4EF-57E9-48FD-BF9E-983FBA30DBEA}.Debug|ARM.Deploy.0 = Debug|iPhone
		{EC06F4EF-57E9-48FD-BF9E-983FBA30DBEA}.Debug|iPhone.ActiveCfg = Debug|iPhone
		{EC06F4EF-57E9-48FD-BF9E-983FBA30DBEA}.Debug|iPhone.Build.0 = Debug|iPhone
		{EC06F4EF-57E9-48FD-BF9E-983FBA30DBEA}.Debug|iPhone.Deploy.0 = Debug|iPhone
		{EC06F4EF-57E9-48FD-BF9E-983FBA30DBEA}.Debug|iPhoneSimulator.ActiveCfg = Debug|iPhoneSimulator
		{EC06F4EF-57E9-48FD-BF9E-983FBA30DBEA}.Debug|iPhoneSimulator.Build.0 = Debug|iPhoneSimulator
		{EC06F4EF-57E9-48FD-BF9E-983FBA30DBEA}.Debug|iPhoneSimulator.Deploy.0 = Debug|iPhoneSimulator
		{EC06F4EF-57E9-48FD-BF9E-983FBA30DBEA}.Debug|x64.ActiveCfg = Debug|iPhone
		{EC06F4EF-57E9-48FD-BF9E-983FBA30DBEA}.Debug|x64.Build.0 = Debug|iPhone
		{EC06F4EF-57E9-48FD-BF9E-983FBA30DBEA}.Debug|x64.Deploy.0 = Debug|iPhone
		{EC06F4EF-57E9-48FD-BF9E-983FBA30DBEA}.Debug|x86.ActiveCfg = Debug|iPhone
		{EC06F4EF-57E9-48FD-BF9E-983FBA30DBEA}.Debug|x86.Build.0 = Debug|iPhone
		{EC06F4EF-57E9-48FD-BF9E-983FBA30DBEA}.Debug|x86.Deploy.0 = Debug|iPhone
		{EC06F4EF-57E9-48FD-BF9E-983FBA30DBEA}.Release|Any CPU.ActiveCfg = Release|iPhone
		{EC06F4EF-57E9-48FD-BF9E-983FBA30DBEA}.Release|Any CPU.Build.0 = Release|iPhone
		{EC06F4EF-57E9-48FD-BF9E-983FBA30DBEA}.Release|Any CPU.Deploy.0 = Release|iPhone
		{EC06F4EF-57E9-48FD-BF9E-983FBA30DBEA}.Release|ARM.ActiveCfg = Release|iPhone
		{EC06F4EF-57E9-48FD-BF9E-983FBA30DBEA}.Release|ARM.Build.0 = Release|iPhone
		{EC06F4EF-57E9-48FD-BF9E-983FBA30DBEA}.Release|ARM.Deploy.0 = Release|iPhone
		{EC06F4EF-57E9-48FD-BF9E-983FBA30DBEA}.Release|iPhone.ActiveCfg = Release|iPhone
		{EC06F4EF-57E9-48FD-BF9E-983FBA30DBEA}.Release|iPhone.Build.0 = Release|iPhone
		{EC06F4EF-57E9-48FD-BF9E-983FBA30DBEA}.Release|iPhone.Deploy.0 = Release|iPhone
		{EC06F4EF-57E9-48FD-BF9E-983FBA30DBEA}.Release|iPhoneSimulator.ActiveCfg = Release|iPhoneSimulator
		{EC06F4EF-57E9-48FD-BF9E-983FBA30DBEA}.Release|iPhoneSimulator.Build.0 = Release|iPhoneSimulator
		{EC06F4EF-57E9-48FD-BF9E-983FBA30DBEA}.Release|iPhoneSimulator.Deploy.0 = Release|iPhoneSimulator
		{EC06F4EF-57E9-48FD-BF9E-983FBA30DBEA}.Release|x64.ActiveCfg = Release|iPhone
		{EC06F4EF-57E9-48FD-BF9E-983FBA30DBEA}.Release|x64.Build.0 = Release|iPhone
		{EC06F4EF-57E9-48FD-BF9E-983FBA30DBEA}.Release|x64.Deploy.0 = Release|iPhone
		{EC06F4EF-57E9-48FD-BF9E-983FBA30DBEA}.Release|x86.ActiveCfg = Release|iPhone
		{EC06F4EF-57E9-48FD-BF9E-983FBA30DBEA}.Release|x86.Build.0 = Release|iPhone
		{EC06F4EF-57E9-48FD-BF9E-983FBA30DBEA}.Release|x86.Deploy.0 = Release|iPhone
		{76804B5C-ABDB-4636-9B3C-0FC8AEEF6607}.Ad-Hoc|Any CPU.ActiveCfg = Release|x86
		{76804B5C-ABDB-4636-9B3C-0FC8AEEF6607}.Ad-Hoc|Any CPU.Build.0 = Release|x86
		{76804B5C-ABDB-4636-9B3C-0FC8AEEF6607}.Ad-Hoc|Any CPU.Deploy.0 = Release|x86
		{76804B5C-ABDB-4636-9B3C-0FC8AEEF6607}.Ad-Hoc|ARM.ActiveCfg = Release|ARM
		{76804B5C-ABDB-4636-9B3C-0FC8AEEF6607}.Ad-Hoc|ARM.Build.0 = Release|ARM
		{76804B5C-ABDB-4636-9B3C-0FC8AEEF6607}.Ad-Hoc|ARM.Deploy.0 = Release|ARM
		{76804B5C-ABDB-4636-9B3C-0FC8AEEF6607}.Ad-Hoc|iPhone.ActiveCfg = Release|x86
		{76804B5C-ABDB-4636-9B3C-0FC8AEEF6607}.Ad-Hoc|iPhone.Build.0 = Release|x86
		{76804B5C-ABDB-4636-9B3C-0FC8AEEF6607}.Ad-Hoc|iPhone.Deploy.0 = Release|x86
		{76804B5C-ABDB-4636-9B3C-0FC8AEEF6607}.Ad-Hoc|iPhoneSimulator.ActiveCfg = Release|x86
		{76804B5C-ABDB-4636-9B3C-0FC8AEEF6607}.Ad-Hoc|iPhoneSimulator.Build.0 = Release|x86
		{76804B5C-ABDB-4636-9B3C-0FC8AEEF6607}.Ad-Hoc|iPhoneSimulator.Deploy.0 = Release|x86
		{76804B5C-ABDB-4636-9B3C-0FC8AEEF6607}.Ad-Hoc|x64.ActiveCfg = Release|x64
		{76804B5C-ABDB-4636-9B3C-0FC8AEEF6607}.Ad-Hoc|x64.Build.0 = Release|x64
		{76804B5C-ABDB-4636-9B3C-0FC8AEEF6607}.Ad-Hoc|x64.Deploy.0 = Release|x64
		{76804B5C-ABDB-4636-9B3C-0FC8AEEF6607}.Ad-Hoc|x86.ActiveCfg = Release|x86
		{76804B5C-ABDB-4636-9B3C-0FC8AEEF6607}.Ad-Hoc|x86.Build.0 = Release|x86
		{76804B5C-ABDB-4636-9B3C-0FC8AEEF6607}.Ad-Hoc|x86.Deploy.0 = Release|x86
		{76804B5C-ABDB-4636-9B3C-0FC8AEEF6607}.AppStore|Any CPU.ActiveCfg = Release|x86
		{76804B5C-ABDB-4636-9B3C-0FC8AEEF6607}.AppStore|Any CPU.Build.0 = Release|x86
		{76804B5C-ABDB-4636-9B3C-0FC8AEEF6607}.AppStore|Any CPU.Deploy.0 = Release|x86
		{76804B5C-ABDB-4636-9B3C-0FC8AEEF6607}.AppStore|ARM.ActiveCfg = Release|ARM
		{76804B5C-ABDB-4636-9B3C-0FC8AEEF6607}.AppStore|ARM.Build.0 = Release|ARM
		{76804B5C-ABDB-4636-9B3C-0FC8AEEF6607}.AppStore|ARM.Deploy.0 = Release|ARM
		{76804B5C-ABDB-4636-9B3C-0FC8AEEF6607}.AppStore|iPhone.ActiveCfg = Release|x86
		{76804B5C-ABDB-4636-9B3C-0FC8AEEF6607}.AppStore|iPhone.Build.0 = Release|x86
		{76804B5C-ABDB-4636-9B3C-0FC8AEEF6607}.AppStore|iPhone.Deploy.0 = Release|x86
		{76804B5C-ABDB-4636-9B3C-0FC8AEEF6607}.AppStore|iPhoneSimulator.ActiveCfg = Release|x86
		{76804B5C-ABDB-4636-9B3C-0FC8AEEF6607}.AppStore|iPhoneSimulator.Build.0 = Release|x86
		{76804B5C-ABDB-4636-9B3C-0FC8AEEF6607}.AppStore|iPhoneSimulator.Deploy.0 = Release|x86
		{76804B5C-ABDB-4636-9B3C-0FC8AEEF6607}.AppStore|x64.ActiveCfg = Release|x64
		{76804B5C-ABDB-4636-9B3C-0FC8AEEF6607}.AppStore|x64.Build.0 = Release|x64
		{76804B5C-ABDB-4636-9B3C-0FC8AEEF6607}.AppStore|x64.Deploy.0 = Release|x64
		{76804B5C-ABDB-4636-9B3C-0FC8AEEF6607}.AppStore|x86.ActiveCfg = Release|x86
		{76804B5C-ABDB-4636-9B3C-0FC8AEEF6607}.AppStore|x86.Build.0 = Release|x86
		{76804B5C-ABDB-4636-9B3C-0FC8AEEF6607}.AppStore|x86.Deploy.0 = Release|x86
		{76804B5C-ABDB-4636-9B3C-0FC8AEEF6607}.Debug|Any CPU.ActiveCfg = Debug|x86
		{76804B5C-ABDB-4636-9B3C-0FC8AEEF6607}.Debug|Any CPU.Build.0 = Debug|x86
		{76804B5C-ABDB-4636-9B3C-0FC8AEEF6607}.Debug|Any CPU.Deploy.0 = Debug|x86
		{76804B5C-ABDB-4636-9B3C-0FC8AEEF6607}.Debug|ARM.ActiveCfg = Debug|ARM
		{76804B5C-ABDB-4636-9B3C-0FC8AEEF6607}.Debug|ARM.Build.0 = Debug|ARM
		{76804B5C-ABDB-4636-9B3C-0FC8AEEF6607}.Debug|ARM.Deploy.0 = Debug|ARM
		{76804B5C-ABDB-4636-9B3C-0FC8AEEF6607}.Debug|iPhone.ActiveCfg = Debug|x86
		{76804B5C-ABDB-4636-9B3C-0FC8AEEF6607}.Debug|iPhone.Build.0 = Debug|x86
		{76804B5C-ABDB-4636-9B3C-0FC8AEEF6607}.Debug|iPhone.Deploy.0 = Debug|x86
		{76804B5C-ABDB-4636-9B3C-0FC8AEEF6607}.Debug|iPhoneSimulator.ActiveCfg = Debug|x86
		{76804B5C-ABDB-4636-9B3C-0FC8AEEF6607}.Debug|iPhoneSimulator.Build.0 = Debug|x86
		{76804B5C-ABDB-4636-9B3C-0FC8AEEF6607}.Debug|iPhoneSimulator.Deploy.0 = Debug|x86
		{76804B5C-ABDB-4636-9B3C-0FC8AEEF6607}.Debug|x64.ActiveCfg = Debug|x64
		{76804B5C-ABDB-4636-9B3C-0FC8AEEF6607}.Debug|x64.Build.0 = Debug|x64
		{76804B5C-ABDB-4636-9B3C-0FC8AEEF6607}.Debug|x64.Deploy.0 = Debug|x64
		{76804B5C-ABDB-4636-9B3C-0FC8AEEF6607}.Debug|x86.ActiveCfg = Debug|x86
		{76804B5C-ABDB-4636-9B3C-0FC8AEEF6607}.Debug|x86.Build.0 = Debug|x86
		{76804B5C-ABDB-4636-9B3C-0FC8AEEF6607}.Debug|x86.Deploy.0 = Debug|x86
		{76804B5C-ABDB-4636-9B3C-0FC8AEEF6607}.Release|Any CPU.ActiveCfg = Release|x86
		{76804B5C-ABDB-4636-9B3C-0FC8AEEF6607}.Release|Any CPU.Build.0 = Release|x86
		{76804B5C-ABDB-4636-9B3C-0FC8AEEF6607}.Release|Any CPU.Deploy.0 = Release|x86
		{76804B5C-ABDB-4636-9B3C-0FC8AEEF6607}.Release|ARM.ActiveCfg = Release|ARM
		{76804B5C-ABDB-4636-9B3C-0FC8AEEF6607}.Release|ARM.Build.0 = Release|ARM
		{76804B5C-ABDB-4636-9B3C-0FC8AEEF6607}.Release|ARM.Deploy.0 = Release|ARM
		{76804B5C-ABDB-4636-9B3C-0FC8AEEF6607}.Release|iPhone.ActiveCfg = Release|x86
		{76804B5C-ABDB-4636-9B3C-0FC8AEEF6607}.Release|iPhone.Build.0 = Release|x86
		{76804B5C-ABDB-4636-9B3C-0FC8AEEF6607}.Release|iPhone.Deploy.0 = Release|x86
		{76804B5C-ABDB-4636-9B3C-0FC8AEEF6607}.Release|iPhoneSimulator.ActiveCfg = Release|x86
		{76804B5C-ABDB-4636-9B3C-0FC8AEEF6607}.Release|iPhoneSimulator.Build.0 = Release|x86
		{76804B5C-ABDB-4636-9B3C-0FC8AEEF6607}.Release|iPhoneSimulator.Deploy.0 = Release|x86
		{76804B5C-ABDB-4636-9B3C-0FC8AEEF6607}.Release|x64.ActiveCfg = Release|x64
		{76804B5C-ABDB-4636-9B3C-0FC8AEEF6607}.Release|x64.Build.0 = Release|x64
		{76804B5C-ABDB-4636-9B3C-0FC8AEEF6607}.Release|x64.Deploy.0 = Release|x64
		{76804B5C-ABDB-4636-9B3C-0FC8AEEF6607}.Release|x86.ActiveCfg = Release|x86
		{76804B5C-ABDB-4636-9B3C-0FC8AEEF6607}.Release|x86.Build.0 = Release|x86
		{76804B5C-ABDB-4636-9B3C-0FC8AEEF6607}.Release|x86.Deploy.0 = Release|x86
		{7472E30E-DA0B-48E5-A394-7B54917CEF25}.Ad-Hoc|Any CPU.ActiveCfg = Debug|Any CPU
		{7472E30E-DA0B-48E5-A394-7B54917CEF25}.Ad-Hoc|Any CPU.Build.0 = Debug|Any CPU
		{7472E30E-DA0B-48E5-A394-7B54917CEF25}.Ad-Hoc|Any CPU.Deploy.0 = Debug|Any CPU
		{7472E30E-DA0B-48E5-A394-7B54917CEF25}.Ad-Hoc|ARM.ActiveCfg = Debug|Any CPU
		{7472E30E-DA0B-48E5-A394-7B54917CEF25}.Ad-Hoc|ARM.Build.0 = Debug|Any CPU
		{7472E30E-DA0B-48E5-A394-7B54917CEF25}.Ad-Hoc|ARM.Deploy.0 = Debug|Any CPU
		{7472E30E-DA0B-48E5-A394-7B54917CEF25}.Ad-Hoc|iPhone.ActiveCfg = Debug|Any CPU
		{7472E30E-DA0B-48E5-A394-7B54917CEF25}.Ad-Hoc|iPhone.Build.0 = Debug|Any CPU
		{7472E30E-DA0B-48E5-A394-7B54917CEF25}.Ad-Hoc|iPhone.Deploy.0 = Debug|Any CPU
		{7472E30E-DA0B-48E5-A394-7B54917CEF25}.Ad-Hoc|iPhoneSimulator.ActiveCfg = Debug|Any CPU
		{7472E30E-DA0B-48E5-A394-7B54917CEF25}.Ad-Hoc|iPhoneSimulator.Build.0 = Debug|Any CPU
		{7472E30E-DA0B-48E5-A394-7B54917CEF25}.Ad-Hoc|iPhoneSimulator.Deploy.0 = Debug|Any CPU
		{7472E30E-DA0B-48E5-A394-7B54917CEF25}.Ad-Hoc|x64.ActiveCfg = Debug|Any CPU
		{7472E30E-DA0B-48E5-A394-7B54917CEF25}.Ad-Hoc|x64.Build.0 = Debug|Any CPU
		{7472E30E-DA0B-48E5-A394-7B54917CEF25}.Ad-Hoc|x64.Deploy.0 = Debug|Any CPU
		{7472E30E-DA0B-48E5-A394-7B54917CEF25}.Ad-Hoc|x86.ActiveCfg = Debug|Any CPU
		{7472E30E-DA0B-48E5-A394-7B54917CEF25}.Ad-Hoc|x86.Build.0 = Debug|Any CPU
		{7472E30E-DA0B-48E5-A394-7B54917CEF25}.Ad-Hoc|x86.Deploy.0 = Debug|Any CPU
		{7472E30E-DA0B-48E5-A394-7B54917CEF25}.AppStore|Any CPU.ActiveCfg = Debug|Any CPU
		{7472E30E-DA0B-48E5-A394-7B54917CEF25}.AppStore|Any CPU.Build.0 = Debug|Any CPU
		{7472E30E-DA0B-48E5-A394-7B54917CEF25}.AppStore|Any CPU.Deploy.0 = Debug|Any CPU
		{7472E30E-DA0B-48E5-A394-7B54917CEF25}.AppStore|ARM.ActiveCfg = Debug|Any CPU
		{7472E30E-DA0B-48E5-A394-7B54917CEF25}.AppStore|ARM.Build.0 = Debug|Any CPU
		{7472E30E-DA0B-48E5-A394-7B54917CEF25}.AppStore|ARM.Deploy.0 = Debug|Any CPU
		{7472E30E-DA0B-48E5-A394-7B54917CEF25}.AppStore|iPhone.ActiveCfg = Debug|Any CPU
		{7472E30E-DA0B-48E5-A394-7B54917CEF25}.AppStore|iPhone.Build.0 = Debug|Any CPU
		{7472E30E-DA0B-48E5-A394-7B54917CEF25}.AppStore|iPhone.Deploy.0 = Debug|Any CPU
		{7472E30E-DA0B-48E5-A394-7B54917CEF25}.AppStore|iPhoneSimulator.ActiveCfg = Debug|Any CPU
		{7472E30E-DA0B-48E5-A394-7B54917CEF25}.AppStore|iPhoneSimulator.Build.0 = Debug|Any CPU
		{7472E30E-DA0B-48E5-A394-7B54917CEF25}.AppStore|iPhoneSimulator.Deploy.0 = Debug|Any CPU
		{7472E30E-DA0B-48E5-A394-7B54917CEF25}.AppStore|x64.ActiveCfg = Debug|Any CPU
		{7472E30E-DA0B-48E5-A394-7B54917CEF25}.AppStore|x64.Build.0 = Debug|Any CPU
		{7472E30E-DA0B-48E5-A394-7B54917CEF25}.AppStore|x64.Deploy.0 = Debug|Any CPU
		{7472E30E-DA0B-48E5-A394-7B54917CEF25}.AppStore|x86.ActiveCfg = Debug|Any CPU
		{7472E30E-DA0B-48E5-A394-7B54917CEF25}.AppStore|x86.Build.0 = Debug|Any CPU
		{7472E30E-DA0B-48E5-A394-7B54917CEF25}.AppStore|x86.Deploy.0 = Debug|Any CPU
		{7472E30E-DA0B-48E5-A394-7B54917CEF25}.Debug|Any CPU.ActiveCfg = Debug|Any CPU
		{7472E30E-DA0B-48E5-A394-7B54917CEF25}.Debug|Any CPU.Build.0 = Debug|Any CPU
		{7472E30E-DA0B-48E5-A394-7B54917CEF25}.Debug|Any CPU.Deploy.0 = Debug|Any CPU
		{7472E30E-DA0B-48E5-A394-7B54917CEF25}.Debug|ARM.ActiveCfg = Debug|Any CPU
		{7472E30E-DA0B-48E5-A394-7B54917CEF25}.Debug|ARM.Build.0 = Debug|Any CPU
		{7472E30E-DA0B-48E5-A394-7B54917CEF25}.Debug|ARM.Deploy.0 = Debug|Any CPU
		{7472E30E-DA0B-48E5-A394-7B54917CEF25}.Debug|iPhone.ActiveCfg = Debug|Any CPU
		{7472E30E-DA0B-48E5-A394-7B54917CEF25}.Debug|iPhone.Build.0 = Debug|Any CPU
		{7472E30E-DA0B-48E5-A394-7B54917CEF25}.Debug|iPhone.Deploy.0 = Debug|Any CPU
		{7472E30E-DA0B-48E5-A394-7B54917CEF25}.Debug|iPhoneSimulator.ActiveCfg = Debug|Any CPU
		{7472E30E-DA0B-48E5-A394-7B54917CEF25}.Debug|iPhoneSimulator.Build.0 = Debug|Any CPU
		{7472E30E-DA0B-48E5-A394-7B54917CEF25}.Debug|iPhoneSimulator.Deploy.0 = Debug|Any CPU
		{7472E30E-DA0B-48E5-A394-7B54917CEF25}.Debug|x64.ActiveCfg = Debug|Any CPU
		{7472E30E-DA0B-48E5-A394-7B54917CEF25}.Debug|x64.Build.0 = Debug|Any CPU
		{7472E30E-DA0B-48E5-A394-7B54917CEF25}.Debug|x64.Deploy.0 = Debug|Any CPU
		{7472E30E-DA0B-48E5-A394-7B54917CEF25}.Debug|x86.ActiveCfg = Debug|Any CPU
		{7472E30E-DA0B-48E5-A394-7B54917CEF25}.Debug|x86.Build.0 = Debug|Any CPU
		{7472E30E-DA0B-48E5-A394-7B54917CEF25}.Debug|x86.Deploy.0 = Debug|Any CPU
		{7472E30E-DA0B-48E5-A394-7B54917CEF25}.Release|Any CPU.ActiveCfg = Release|Any CPU
		{7472E30E-DA0B-48E5-A394-7B54917CEF25}.Release|Any CPU.Build.0 = Release|Any CPU
		{7472E30E-DA0B-48E5-A394-7B54917CEF25}.Release|Any CPU.Deploy.0 = Release|Any CPU
		{7472E30E-DA0B-48E5-A394-7B54917CEF25}.Release|ARM.ActiveCfg = Release|Any CPU
		{7472E30E-DA0B-48E5-A394-7B54917CEF25}.Release|ARM.Build.0 = Release|Any CPU
		{7472E30E-DA0B-48E5-A394-7B54917CEF25}.Release|ARM.Deploy.0 = Release|Any CPU
		{7472E30E-DA0B-48E5-A394-7B54917CEF25}.Release|iPhone.ActiveCfg = Release|Any CPU
		{7472E30E-DA0B-48E5-A394-7B54917CEF25}.Release|iPhone.Build.0 = Release|Any CPU
		{7472E30E-DA0B-48E5-A394-7B54917CEF25}.Release|iPhone.Deploy.0 = Release|Any CPU
		{7472E30E-DA0B-48E5-A394-7B54917CEF25}.Release|iPhoneSimulator.ActiveCfg = Release|Any CPU
		{7472E30E-DA0B-48E5-A394-7B54917CEF25}.Release|iPhoneSimulator.Build.0 = Release|Any CPU
		{7472E30E-DA0B-48E5-A394-7B54917CEF25}.Release|iPhoneSimulator.Deploy.0 = Release|Any CPU
		{7472E30E-DA0B-48E5-A394-7B54917CEF25}.Release|x64.ActiveCfg = Release|Any CPU
		{7472E30E-DA0B-48E5-A394-7B54917CEF25}.Release|x64.Build.0 = Release|Any CPU
		{7472E30E-DA0B-48E5-A394-7B54917CEF25}.Release|x64.Deploy.0 = Release|Any CPU
		{7472E30E-DA0B-48E5-A394-7B54917CEF25}.Release|x86.ActiveCfg = Release|Any CPU
		{7472E30E-DA0B-48E5-A394-7B54917CEF25}.Release|x86.Build.0 = Release|Any CPU
		{7472E30E-DA0B-48E5-A394-7B54917CEF25}.Release|x86.Deploy.0 = Release|Any CPU
	EndGlobalSection
	GlobalSection(SolutionProperties) = preSolution
		HideSolutionNode = FALSE
	EndGlobalSection
	GlobalSection(ExtensibilityGlobals) = postSolution
		SolutionGuid = {87676F5E-97E5-49CD-8C41-A727D72B96A4}
	EndGlobalSection
EndGlobal
